<?xml version="1.0" encoding="utf-8"?>
<Project ToolsVersion="4.0" xmlns="http://schemas.microsoft.com/developer/msbuild/2003">
  <ItemGroup>
    <Filter Include="Source Files">
      <UniqueIdentifier>{ae906a80-84cf-42ad-a67f-fd3a3f15e924}</UniqueIdentifier>
    </Filter>
    <Filter Include="Header Files">
      <UniqueIdentifier>{adfdb49c-8bd6-4123-bf70-1410dec47e1d}</UniqueIdentifier>
    </Filter>
    <Filter Include="Resource Files">
      <UniqueIdentifier>{25d862f5-04c8-490c-8f24-fc1da854eec0}</UniqueIdentifier>
    </Filter>
    <Filter Include="KeePassLibCpp">
      <UniqueIdentifier>{d955c0c8-a6ad-495d-b3e2-38de2a9bc29c}</UniqueIdentifier>
    </Filter>
    <Filter Include="KeePassLibCpp\Crypto">
      <UniqueIdentifier>{d7a2e0d3-03dc-4d05-b104-f4aac232e34f}</UniqueIdentifier>
    </Filter>
    <Filter Include="KeePassLibCpp\Crypto\SHA2">
      <UniqueIdentifier>{5ef876cb-32fd-4e97-998d-a7eff94750e2}</UniqueIdentifier>
    </Filter>
    <Filter Include="KeePassLibCpp\DataExchange">
      <UniqueIdentifier>{f5819677-79a9-4de4-a7ad-2d486843fb07}</UniqueIdentifier>
    </Filter>
    <Filter Include="KeePassLibCpp\SysSpec_Windows">
      <UniqueIdentifier>{466e52d7-050c-4418-8b9b-a0b160c4153f}</UniqueIdentifier>
    </Filter>
    <Filter Include="KeePassLibCpp\Util">
      <UniqueIdentifier>{209a6acd-9c0c-4ed9-bc81-6c3413effe37}</UniqueIdentifier>
    </Filter>
    <Filter Include="KeePassLibCpp\PasswordGenerator">
      <UniqueIdentifier>{5f2b5eb9-3ef5-4d4d-8921-c7f180d3bba3}</UniqueIdentifier>
    </Filter>
    <Filter Include="KeePassLibCpp\Details">
      <UniqueIdentifier>{ca8e6800-d927-484f-8d11-54a7cdd06288}</UniqueIdentifier>
    </Filter>
    <Filter Include="KeePassLibCpp\SDK">
      <UniqueIdentifier>{04fb90ce-45e3-4ba3-90a1-c8e805d324a1}</UniqueIdentifier>
    </Filter>
    <Filter Include="KeePassLibCpp\SDK\Details">
      <UniqueIdentifier>{7207a92c-43e7-4128-a6eb-5b9d5fd2987d}</UniqueIdentifier>
    </Filter>
    <Filter Include="KeePassLibCpp\IO">
      <UniqueIdentifier>{8cdda374-63bf-49dd-92b1-ba34ede5dda2}</UniqueIdentifier>
    </Filter>
    <Filter Include="KeePassAPI">
      <UniqueIdentifier>{0d12f56c-c250-4509-8f30-c67c0979505d}</UniqueIdentifier>
    </Filter>
  </ItemGroup>
  <ItemGroup>
    <ClCompile Include="KeePassLib.cpp">
      <Filter>Source Files</Filter>
    </ClCompile>
    <ClCompile Include="StdAfx.cpp">
      <Filter>Source Files</Filter>
    </ClCompile>
    <ClCompile Include="..\KeePassLibCpp\PwCompat.cpp">
      <Filter>KeePassLibCpp</Filter>
    </ClCompile>
    <ClCompile Include="..\KeePassLibCpp\PwManager.cpp">
      <Filter>KeePassLibCpp</Filter>
    </ClCompile>
    <ClCompile Include="..\KeePassLibCpp\Crypto\ARCFour.cpp">
      <Filter>KeePassLibCpp\Crypto</Filter>
    </ClCompile>
    <ClCompile Include="..\KeePassLibCpp\Crypto\KeyTransform.cpp">
      <Filter>KeePassLibCpp\Crypto</Filter>
    </ClCompile>
    <ClCompile Include="..\KeePassLibCpp\Crypto\KeyTransform_BCrypt.cpp">
      <Filter>KeePassLibCpp\Crypto</Filter>
    </ClCompile>
    <ClCompile Include="..\KeePassLibCpp\Crypto\MemoryProtectionEx.cpp">
      <Filter>KeePassLibCpp\Crypto</Filter>
    </ClCompile>
    <ClCompile Include="..\KeePassLibCpp\Crypto\Rijndael.cpp">
      <Filter>KeePassLibCpp\Crypto</Filter>
    </ClCompile>
    <ClCompile Include="..\KeePassLibCpp\Crypto\TestImpl.cpp">
      <Filter>KeePassLibCpp\Crypto</Filter>
    </ClCompile>
    <ClCompile Include="..\KeePassLibCpp\Crypto\Twofish.cpp">
      <Filter>KeePassLibCpp\Crypto</Filter>
    </ClCompile>
    <ClCompile Include="..\KeePassLibCpp\Crypto\TwofishClass.cpp">
      <Filter>KeePassLibCpp\Crypto</Filter>
    </ClCompile>
    <ClCompile Include="..\KeePassLibCpp\Crypto\SHA2\SHA2.cpp">
      <Filter>KeePassLibCpp\Crypto\SHA2</Filter>
    </ClCompile>
    <ClCompile Include="..\KeePassLibCpp\DataExchange\PwExport.cpp">
      <Filter>KeePassLibCpp\DataExchange</Filter>
    </ClCompile>
    <ClCompile Include="..\KeePassLibCpp\DataExchange\PwImport.cpp">
      <Filter>KeePassLibCpp\DataExchange</Filter>
    </ClCompile>
    <ClCompile Include="..\KeePassLibCpp\SysSpec_Windows\AppUtil.cpp">
      <Filter>KeePassLibCpp\SysSpec_Windows</Filter>
    </ClCompile>
    <ClCompile Include="..\KeePassLibCpp\SysSpec_Windows\NewRandom.cpp">
      <Filter>KeePassLibCpp\SysSpec_Windows</Filter>
    </ClCompile>
    <ClCompile Include="..\KeePassLibCpp\SysSpec_Windows\StrUtilEx.cpp">
      <Filter>KeePassLibCpp\SysSpec_Windows</Filter>
    </ClCompile>
    <ClCompile Include="..\KeePassLibCpp\Util\Base64.cpp">
      <Filter>KeePassLibCpp\Util</Filter>
    </ClCompile>
    <ClCompile Include="..\KeePassLibCpp\Util\ComUtil.cpp">
      <Filter>KeePassLibCpp\Util</Filter>
    </ClCompile>
    <ClCompile Include="..\KeePassLibCpp\Util\EntryUtil.cpp">
      <Filter>KeePassLibCpp\Util</Filter>
    </ClCompile>
    <ClCompile Include="..\KeePassLibCpp\Util\FileTransactionEx.cpp">
      <Filter>KeePassLibCpp\Util</Filter>
    </ClCompile>
    <ClCompile Include="..\KeePassLibCpp\Util\MemUtil.cpp">
      <Filter>KeePassLibCpp\Util</Filter>
    </ClCompile>
    <ClCompile Include="..\KeePassLibCpp\Util\PopularPasswords.cpp">
      <Filter>KeePassLibCpp\Util</Filter>
    </ClCompile>
    <ClCompile Include="..\KeePassLibCpp\Util\PwQualityEst.cpp">
      <Filter>KeePassLibCpp\Util</Filter>
    </ClCompile>
    <ClCompile Include="..\KeePassLibCpp\Util\PwUtil.cpp">
      <Filter>KeePassLibCpp\Util</Filter>
    </ClCompile>
    <ClCompile Include="..\KeePassLibCpp\Util\StrUtil.cpp">
      <Filter>KeePassLibCpp\Util</Filter>
    </ClCompile>
    <ClCompile Include="..\KeePassLibCpp\Util\TranslateEx.cpp">
      <Filter>KeePassLibCpp\Util</Filter>
    </ClCompile>
    <ClCompile Include="..\KeePassLibCpp\PasswordGenerator\CharSetBasedGenerator.cpp">
      <Filter>KeePassLibCpp\PasswordGenerator</Filter>
    </ClCompile>
    <ClCompile Include="..\KeePassLibCpp\PasswordGenerator\PasswordGenerator.cpp">
      <Filter>KeePassLibCpp\PasswordGenerator</Filter>
    </ClCompile>
    <ClCompile Include="..\KeePassLibCpp\PasswordGenerator\PatternBasedGenerator.cpp">
      <Filter>KeePassLibCpp\PasswordGenerator</Filter>
    </ClCompile>
    <ClCompile Include="..\KeePassLibCpp\PasswordGenerator\PwCharSet.cpp">
      <Filter>KeePassLibCpp\PasswordGenerator</Filter>
    </ClCompile>
    <ClCompile Include="..\KeePassLibCpp\Details\PwCompatImpl.cpp">
      <Filter>KeePassLibCpp\Details</Filter>
    </ClCompile>
    <ClCompile Include="..\KeePassLibCpp\Details\PwFileImpl.cpp">
      <Filter>KeePassLibCpp\Details</Filter>
    </ClCompile>
    <ClCompile Include="..\KeePassLibCpp\Details\PwFindImpl.cpp">
      <Filter>KeePassLibCpp\Details</Filter>
    </ClCompile>
    <ClCompile Include="..\KeePassLibCpp\IO\KpInternetStream.cpp">
      <Filter>KeePassLibCpp\IO</Filter>
    </ClCompile>
    <ClCompile Include="..\KeePassLibCpp\IO\KpMemoryStream.cpp">
      <Filter>KeePassLibCpp\IO</Filter>
    </ClCompile>
    <ClCompile Include="..\KeePassLibCpp\IO\KpStream.cpp">
      <Filter>KeePassLibCpp\IO</Filter>
    </ClCompile>
    <ClCompile Include="KeePassAPI\LibraryAPI.cpp">
      <Filter>KeePassAPI</Filter>
    </ClCompile>
    <ClCompile Include="KeePassAPI\ManagerAPI.cpp">
      <Filter>KeePassAPI</Filter>
    </ClCompile>
    <ClCompile Include="KeePassAPI\StructAPI.cpp">
      <Filter>KeePassAPI</Filter>
    </ClCompile>
  </ItemGroup>
  <ItemGroup>
    <None Include="KeePassLib.def">
      <Filter>Source Files</Filter>
    </None>
    <None Include="res\KeePassLib.rc2">
      <Filter>Resource Files</Filter>
    </None>
  </ItemGroup>
  <ItemGroup>
    <ResourceCompile Include="KeePassLib.rc">
      <Filter>Source Files</Filter>
    </ResourceCompile>
  </ItemGroup>
  <ItemGroup>
    <ClInclude Include="KeePassLib.h">
      <Filter>Header Files</Filter>
    </ClInclude>
    <ClInclude Include="Resource.h">
      <Filter>Header Files</Filter>
    </ClInclude>
    <ClInclude Include="StdAfx.h">
      <Filter>Header Files</Filter>
    </ClInclude>
    <ClInclude Include="..\KeePassLibCpp\PwCompat.h">
      <Filter>KeePassLibCpp</Filter>
    </ClInclude>
    <ClInclude Include="..\KeePassLibCpp\PwManager.h">
      <Filter>KeePassLibCpp</Filter>
    </ClInclude>
    <ClInclude Include="..\KeePassLibCpp\PwStructs.h">
      <Filter>KeePassLibCpp</Filter>
    </ClInclude>
    <ClInclude Include="..\KeePassLibCpp\PwStructsEx.h">
      <Filter>KeePassLibCpp</Filter>
    </ClInclude>
    <ClInclude Include="..\KeePassLibCpp\SysDefEx.h">
      <Filter>KeePassLibCpp</Filter>
    </ClInclude>
    <ClInclude Include="..\KeePassLibCpp\Crypto\ARCFour.h">
      <Filter>KeePassLibCpp\Crypto</Filter>
    </ClInclude>
    <ClInclude Include="..\KeePassLibCpp\Crypto\KeyTransform.h">
      <Filter>KeePassLibCpp\Crypto</Filter>
    </ClInclude>
    <ClInclude Include="..\KeePassLibCpp\Crypto\KeyTransform_BCrypt.h">
      <Filter>KeePassLibCpp\Crypto</Filter>
    </ClInclude>
    <ClInclude Include="..\KeePassLibCpp\Crypto\MemoryProtectionEx.h">
      <Filter>KeePassLibCpp\Crypto</Filter>
    </ClInclude>
    <ClInclude Include="..\KeePassLibCpp\Crypto\Rijndael.h">
      <Filter>KeePassLibCpp\Crypto</Filter>
    </ClInclude>
    <ClInclude Include="..\KeePassLibCpp\Crypto\TestImpl.h">
      <Filter>KeePassLibCpp\Crypto</Filter>
    </ClInclude>
    <ClInclude Include="..\KeePassLibCpp\Crypto\Twofish.h">
      <Filter>KeePassLibCpp\Crypto</Filter>
    </ClInclude>
    <ClInclude Include="..\KeePassLibCpp\Crypto\TwofishClass.h">
      <Filter>KeePassLibCpp\Crypto</Filter>
    </ClInclude>
    <ClInclude Include="..\KeePassLibCpp\Crypto\SHA2\EDefs.h">
      <Filter>KeePassLibCpp\Crypto\SHA2</Filter>
    </ClInclude>
    <ClInclude Include="..\KeePassLibCpp\Crypto\SHA2\SHA2.h">
      <Filter>KeePassLibCpp\Crypto\SHA2</Filter>
    </ClInclude>
    <ClInclude Include="..\KeePassLibCpp\Crypto\SHA2\TDefs.h">
      <Filter>KeePassLibCpp\Crypto\SHA2</Filter>
    </ClInclude>
    <ClInclude Include="..\KeePassLibCpp\DataExchange\PwExport.h">
      <Filter>KeePassLibCpp\DataExchange</Filter>
    </ClInclude>
    <ClInclude Include="..\KeePassLibCpp\DataExchange\PwImport.h">
      <Filter>KeePassLibCpp\DataExchange</Filter>
    </ClInclude>
    <ClInclude Include="..\KeePassLibCpp\SysSpec_Windows\SysSpecWin.h">
      <Filter>KeePassLibCpp\SysSpec_Windows</Filter>
    </ClInclude>
    <ClInclude Include="..\KeePassLibCpp\Util\AppUtil.h">
      <Filter>KeePassLibCpp\Util</Filter>
    </ClInclude>
    <ClInclude Include="..\KeePassLibCpp\Util\Base64.h">
      <Filter>KeePassLibCpp\Util</Filter>
    </ClInclude>
    <ClInclude Include="..\KeePassLibCpp\Util\ComUtil.h">
      <Filter>KeePassLibCpp\Util</Filter>
    </ClInclude>
    <ClInclude Include="..\KeePassLibCpp\Util\EntryUtil.h">
      <Filter>KeePassLibCpp\Util</Filter>
    </ClInclude>
    <ClInclude Include="..\KeePassLibCpp\Util\FileTransactionEx.h">
      <Filter>KeePassLibCpp\Util</Filter>
    </ClInclude>
    <ClInclude Include="..\KeePassLibCpp\Util\MemUtil.h">
      <Filter>KeePassLibCpp\Util</Filter>
    </ClInclude>
    <ClInclude Include="..\KeePassLibCpp\Util\NewRandom.h">
      <Filter>KeePassLibCpp\Util</Filter>
    </ClInclude>
    <ClInclude Include="..\KeePassLibCpp\Util\PopularPasswords.h">
      <Filter>KeePassLibCpp\Util</Filter>
    </ClInclude>
    <ClInclude Include="..\KeePassLibCpp\Util\PwQualityEst.h">
      <Filter>KeePassLibCpp\Util</Filter>
    </ClInclude>
    <ClInclude Include="..\KeePassLibCpp\Util\PwUtil.h">
      <Filter>KeePassLibCpp\Util</Filter>
    </ClInclude>
    <ClInclude Include="..\KeePassLibCpp\Util\StrUtil.h">
      <Filter>KeePassLibCpp\Util</Filter>
    </ClInclude>
    <ClInclude Include="..\KeePassLibCpp\Util\TranslateEx.h">
      <Filter>KeePassLibCpp\Util</Filter>
    </ClInclude>
    <ClInclude Include="..\KeePassLibCpp\PasswordGenerator\CharSetBasedGenerator.h">
      <Filter>KeePassLibCpp\PasswordGenerator</Filter>
    </ClInclude>
    <ClInclude Include="..\KeePassLibCpp\PasswordGenerator\PasswordGenerator.h">
      <Filter>KeePassLibCpp\PasswordGenerator</Filter>
    </ClInclude>
    <ClInclude Include="..\KeePassLibCpp\PasswordGenerator\PatternBasedGenerator.h">
      <Filter>KeePassLibCpp\PasswordGenerator</Filter>
    </ClInclude>
    <ClInclude Include="..\KeePassLibCpp\PasswordGenerator\PwCharSet.h">
      <Filter>KeePassLibCpp\PasswordGenerator</Filter>
    </ClInclude>
    <ClInclude Include="..\KeePassLibCpp\Details\PwCompatImpl.h">
      <Filter>KeePassLibCpp\Details</Filter>
    </ClInclude>
    <ClInclude Include="..\KeePassLibCpp\SDK\KpSDK.h">
      <Filter>KeePassLibCpp\SDK</Filter>
    </ClInclude>
    <ClInclude Include="..\KeePassLibCpp\SDK\Details\IKpAPI.h">
      <Filter>KeePassLibCpp\SDK\Details</Filter>
    </ClInclude>
    <ClInclude Include="..\KeePassLibCpp\SDK\Details\IKpCommandLine.h">
      <Filter>KeePassLibCpp\SDK\Details</Filter>
    </ClInclude>
    <ClInclude Include="..\KeePassLibCpp\SDK\Details\IKpCommandLineOption.h">
      <Filter>KeePassLibCpp\SDK\Details</Filter>
    </ClInclude>
    <ClInclude Include="..\KeePassLibCpp\SDK\Details\IKpConfig.h">
      <Filter>KeePassLibCpp\SDK\Details</Filter>
    </ClInclude>
    <ClInclude Include="..\KeePassLibCpp\SDK\Details\IKpDatabase.h">
      <Filter>KeePassLibCpp\SDK\Details</Filter>
    </ClInclude>
    <ClInclude Include="..\KeePassLibCpp\SDK\Details\IKpFileTransaction.h">
      <Filter>KeePassLibCpp\SDK\Details</Filter>
    </ClInclude>
    <ClInclude Include="..\KeePassLibCpp\SDK\Details\IKpFullPathName.h">
      <Filter>KeePassLibCpp\SDK\Details</Filter>
    </ClInclude>
    <ClInclude Include="..\KeePassLibCpp\SDK\Details\IKpPlugin.h">
      <Filter>KeePassLibCpp\SDK\Details</Filter>
    </ClInclude>
    <ClInclude Include="..\KeePassLibCpp\SDK\Details\IKpUnknown.h">
      <Filter>KeePassLibCpp\SDK\Details</Filter>
    </ClInclude>
    <ClInclude Include="..\KeePassLibCpp\SDK\Details\IKpUtilities.h">
      <Filter>KeePassLibCpp\SDK\Details</Filter>
    </ClInclude>
    <ClInclude Include="..\KeePassLibCpp\SDK\Details\KpDefs.h">
      <Filter>KeePassLibCpp\SDK\Details</Filter>
    </ClInclude>
    <ClInclude Include="..\KeePassLibCpp\SDK\Details\KpGuids.h">
      <Filter>KeePassLibCpp\SDK\Details</Filter>
    </ClInclude>
    <ClInclude Include="..\KeePassLibCpp\IO\KpInternetStream.h">
      <Filter>KeePassLibCpp\IO</Filter>
    </ClInclude>
    <ClInclude Include="..\KeePassLibCpp\IO\KpMemoryStream.h">
      <Filter>KeePassLibCpp\IO</Filter>
    </ClInclude>
    <ClInclude Include="..\KeePassLibCpp\IO\KpStream.h">
      <Filter>KeePassLibCpp\IO</Filter>
    </ClInclude>
    <ClInclude Include="KeePassAPI\APIDefEx.h">
      <Filter>KeePassAPI</Filter>
    </ClInclude>
    <ClInclude Include="KeePassAPI\LibraryAPI.h">
      <Filter>KeePassAPI</Filter>
    </ClInclude>
    <ClInclude Include="KeePassAPI\ManagerAPI.h">
      <Filter>KeePassAPI</Filter>
    </ClInclude>
    <ClInclude Include="KeePassAPI\StructAPI.h">
      <Filter>KeePassAPI</Filter>
    </ClInclude>
  </ItemGroup>
</Project>